
Microsoft Visual Studio Solution File, Format Version 12.00
# Visual Studio Version 16
VisualStudioVersion = 16.0.31019.35
MinimumVisualStudioVersion = 10.0.40219.1
Project("{FAE04EC0-301F-11D3-BF4B-00C04F79EFBC}") = "Test_api", "Test_api\Test_api.csproj", "{0CDA05A2-0048-49A8-A2B1-CD156698B21C}"
EndProject
Global
	GlobalSection(SolutionConfigurationPlatforms) = preSolution
		Debug|Any CPU = Debug|Any CPU
		Release|Any CPU = Release|Any CPU
	EndGlobalSection
	GlobalSection(ProjectConfigurationPlatforms) = postSolution
		{0CDA05A2-0048-49A8-A2B1-CD156698B21C}.Debug|Any CPU.ActiveCfg = Debug|Any CPU
		{0CDA05A2-0048-49A8-A2B1-CD156698B21C}.Debug|Any CPU.Build.0 = Debug|Any CPU
		{0CDA05A2-0048-49A8-A2B1-CD156698B21C}.Release|Any CPU.ActiveCfg = Release|Any CPU
		{0CDA05A2-0048-49A8-A2B1-CD156698B21C}.Release|Any CPU.Build.0 = Release|Any CPU
	EndGlobalSection
	GlobalSection(SolutionProperties) = preSolution
		HideSolutionNode = FALSE
	EndGlobalSection
	GlobalSection(ExtensibilityGlobals) = postSolution
		SolutionGuid = {B885299F-2C26-4F5C-BE8C-F8B04FC4DD21}
	EndGlobalSection
EndGlobal
